
Microsoft Visual Studio Solution File, Format Version 12.00
# Visual Studio Version 16
VisualStudioVersion = 16.0.30717.126
MinimumVisualStudioVersion = 10.0.40219.1
Project("{FAE04EC0-301F-11D3-BF4B-00C04F79EFBC}") = "Atelier 2", "Atelier 2\Atelier 2.csproj", "{2B7FEC9C-ADB6-4634-B1FB-DA7FD2BA405E}"
EndProject
Global
	GlobalSection(SolutionConfigurationPlatforms) = preSolution
		Debug|Any CPU = Debug|Any CPU
		Release|Any CPU = Release|Any CPU
	EndGlobalSection
	GlobalSection(ProjectConfigurationPlatforms) = postSolution
		{2B7FEC9C-ADB6-4634-B1FB-DA7FD2BA405E}.Debug|Any CPU.ActiveCfg = Debug|Any CPU
		{2B7FEC9C-ADB6-4634-B1FB-DA7FD2BA405E}.Debug|Any CPU.Build.0 = Debug|Any CPU
		{2B7FEC9C-ADB6-4634-B1FB-DA7FD2BA405E}.Release|Any CPU.ActiveCfg = Release|Any CPU
		{2B7FEC9C-ADB6-4634-B1FB-DA7FD2BA405E}.Release|Any CPU.Build.0 = Release|Any CPU
	EndGlobalSection
	GlobalSection(SolutionProperties) = preSolution
		HideSolutionNode = FALSE
	EndGlobalSection
	GlobalSection(ExtensibilityGlobals) = postSolution
		SolutionGuid = {8CF64CC8-0D4C-460C-B3DE-0781BDEA83AA}
	EndGlobalSection
EndGlobal
